// !$*UTF8*$!
{
	archiveVersion = 1;
	classes = {
	};
	objectVersion = 46;
	objects = {

/* Begin PBXBuildFile section */
		891C773715BF8E40009A769D /* TitleBar.m in Sources */ = {isa = PBXBuildFile; fileRef = 891C772F15BF8E40009A769D /* TitleBar.m */; };
		891C773815BF8E40009A769D /* GameMenu.m in Sources */ = {isa = PBXBuildFile; fileRef = 891C773115BF8E40009A769D /* GameMenu.m */; };
		891C773915BF8E40009A769D /* CCBReader.m in Sources */ = {isa = PBXBuildFile; fileRef = 891C773315BF8E40009A769D /* CCBReader.m */; };
		891C773A15BF8E40009A769D /* About.m in Sources */ = {isa = PBXBuildFile; fileRef = 891C773515BF8E40009A769D /* About.m */; };
		89229E0415C18F97000D08E7 /* ccb.zip in Resources */ = {isa = PBXBuildFile; fileRef = 89229E0315C18F97000D08E7 /* ccb.zip */; };
		89437B2B15BEDCA400A21ECF /* QuartzCore.framework in Frameworks */ = {isa = PBXBuildFile; fileRef = 89437B2A15BEDCA400A21ECF /* QuartzCore.framework */; };
		89437B2D15BEDCA400A21ECF /* OpenGLES.framework in Frameworks */ = {isa = PBXBuildFile; fileRef = 89437B2C15BEDCA400A21ECF /* OpenGLES.framework */; };
		89437B2F15BEDCA400A21ECF /* OpenAL.framework in Frameworks */ = {isa = PBXBuildFile; fileRef = 89437B2E15BEDCA400A21ECF /* OpenAL.framework */; };
		89437B3115BEDCA400A21ECF /* AudioToolbox.framework in Frameworks */ = {isa = PBXBuildFile; fileRef = 89437B3015BEDCA400A21ECF /* AudioToolbox.framework */; };
		89437B3315BEDCA400A21ECF /* AVFoundation.framework in Frameworks */ = {isa = PBXBuildFile; fileRef = 89437B3215BEDCA400A21ECF /* AVFoundation.framework */; };
		89437B3515BEDCA400A21ECF /* UIKit.framework in Frameworks */ = {isa = PBXBuildFile; fileRef = 89437B3415BEDCA400A21ECF /* UIKit.framework */; };
		89437B3715BEDCA400A21ECF /* Foundation.framework in Frameworks */ = {isa = PBXBuildFile; fileRef = 89437B3615BEDCA400A21ECF /* Foundation.framework */; };
		89437B3915BEDCA400A21ECF /* CoreGraphics.framework in Frameworks */ = {isa = PBXBuildFile; fileRef = 89437B3815BEDCA400A21ECF /* CoreGraphics.framework */; };
		89437B3B15BEDCA400A21ECF /* GameKit.framework in Frameworks */ = {isa = PBXBuildFile; fileRef = 89437B3A15BEDCA400A21ECF /* GameKit.framework */; };
		89437B3F15BEDCA500A21ECF /* Default.png in Resources */ = {isa = PBXBuildFile; fileRef = 89437B3E15BEDCA500A21ECF /* Default.png */; };
		89437B4115BEDCA500A21ECF /* Default-Landscape~ipad.png in Resources */ = {isa = PBXBuildFile; fileRef = 89437B4015BEDCA500A21ECF /* Default-Landscape~ipad.png */; };
		89437B4315BEDCA500A21ECF /* fps_images.png in Resources */ = {isa = PBXBuildFile; fileRef = 89437B4215BEDCA500A21ECF /* fps_images.png */; };
		89437B4515BEDCA500A21ECF /* fps_images-hd.png in Resources */ = {isa = PBXBuildFile; fileRef = 89437B4415BEDCA500A21ECF /* fps_images-hd.png */; };
		89437B4715BEDCA500A21ECF /* fps_images-ipadhd.png in Resources */ = {isa = PBXBuildFile; fileRef = 89437B4615BEDCA500A21ECF /* fps_images-ipadhd.png */; };
		89437B4915BEDCA500A21ECF /* Icon-72.png in Resources */ = {isa = PBXBuildFile; fileRef = 89437B4815BEDCA500A21ECF /* Icon-72.png */; };
		89437B4B15BEDCA500A21ECF /* Icon-Small-50.png in Resources */ = {isa = PBXBuildFile; fileRef = 89437B4A15BEDCA500A21ECF /* Icon-Small-50.png */; };
		89437B4D15BEDCA500A21ECF /* Icon-Small.png in Resources */ = {isa = PBXBuildFile; fileRef = 89437B4C15BEDCA500A21ECF /* Icon-Small.png */; };
		89437B4F15BEDCA500A21ECF /* Icon-Small@2x.png in Resources */ = {isa = PBXBuildFile; fileRef = 89437B4E15BEDCA500A21ECF /* Icon-Small@2x.png */; };
		89437B5115BEDCA500A21ECF /* Icon.png in Resources */ = {isa = PBXBuildFile; fileRef = 89437B5015BEDCA500A21ECF /* Icon.png */; };
		89437B5315BEDCA500A21ECF /* Icon@2x.png in Resources */ = {isa = PBXBuildFile; fileRef = 89437B5215BEDCA500A21ECF /* Icon@2x.png */; };
		89437B5615BEDCA500A21ECF /* iTunesArtwork in Resources */ = {isa = PBXBuildFile; fileRef = 89437B5515BEDCA500A21ECF /* iTunesArtwork */; };
		89437CB315BEDCA700A21ECF /* main.m in Sources */ = {isa = PBXBuildFile; fileRef = 89437CB215BEDCA700A21ECF /* main.m */; };
		89437CB615BEDCA700A21ECF /* AppDelegate.m in Sources */ = {isa = PBXBuildFile; fileRef = 89437CB515BEDCA700A21ECF /* AppDelegate.m */; };
		89437CBC15BEDCA700A21ECF /* IntroLayer.m in Sources */ = {isa = PBXBuildFile; fileRef = 89437CBB15BEDCA700A21ECF /* IntroLayer.m */; };
		89437CC415BEDCCF00A21ECF /* HelloWorldCocosBuilder.m in Sources */ = {isa = PBXBuildFile; fileRef = 89437CC315BEDCCF00A21ECF /* HelloWorldCocosBuilder.m */; };
		9C84D6521647B00000FBF79A /* Default-568h@2x.png in Resources */ = {isa = PBXBuildFile; fileRef = 9C84D6511647B00000FBF79A /* Default-568h@2x.png */; };
/* End PBXBuildFile section */

/* Begin PBXFileReference section */
		891C772F15BF8E40009A769D /* TitleBar.m */ = {isa = PBXFileReference; fileEncoding = 4; lastKnownFileType = sourcecode.c.objc; path = TitleBar.m; sourceTree = "<group>"; };
		891C773015BF8E40009A769D /* TitleBar.h */ = {isa = PBXFileReference; fileEncoding = 4; lastKnownFileType = sourcecode.c.h; path = TitleBar.h; sourceTree = "<group>"; };
		891C773115BF8E40009A769D /* GameMenu.m */ = {isa = PBXFileReference; fileEncoding = 4; lastKnownFileType = sourcecode.c.objc; path = GameMenu.m; sourceTree = "<group>"; };
		891C773215BF8E40009A769D /* GameMenu.h */ = {isa = PBXFileReference; fileEncoding = 4; lastKnownFileType = sourcecode.c.h; path = GameMenu.h; sourceTree = "<group>"; };
		891C773315BF8E40009A769D /* CCBReader.m */ = {isa = PBXFileReference; fileEncoding = 4; lastKnownFileType = sourcecode.c.objc; path = CCBReader.m; sourceTree = "<group>"; };
		891C773415BF8E40009A769D /* CCBReader.h */ = {isa = PBXFileReference; fileEncoding = 4; lastKnownFileType = sourcecode.c.h; path = CCBReader.h; sourceTree = "<group>"; };
		891C773515BF8E40009A769D /* About.m */ = {isa = PBXFileReference; fileEncoding = 4; lastKnownFileType = sourcecode.c.objc; path = About.m; sourceTree = "<group>"; };
		891C773615BF8E40009A769D /* About.h */ = {isa = PBXFileReference; fileEncoding = 4; lastKnownFileType = sourcecode.c.h; path = About.h; sourceTree = "<group>"; };
		89229E0315C18F97000D08E7 /* ccb.zip */ = {isa = PBXFileReference; lastKnownFileType = archive.zip; name = ccb.zip; path = ../../Projects/ccb.zip; sourceTree = "<group>"; };
		89437B2615BEDCA400A21ECF /* HelloWorldCocosBuilder.app */ = {isa = PBXFileReference; explicitFileType = wrapper.application; includeInIndex = 0; path = HelloWorldCocosBuilder.app; sourceTree = BUILT_PRODUCTS_DIR; };
		89437B2A15BEDCA400A21ECF /* QuartzCore.framework */ = {isa = PBXFileReference; lastKnownFileType = wrapper.framework; name = QuartzCore.framework; path = System/Library/Frameworks/QuartzCore.framework; sourceTree = SDKROOT; };
		89437B2C15BEDCA400A21ECF /* OpenGLES.framework */ = {isa = PBXFileReference; lastKnownFileType = wrapper.framework; name = OpenGLES.framework; path = System/Library/Frameworks/OpenGLES.framework; sourceTree = SDKROOT; };
		89437B2E15BEDCA400A21ECF /* OpenAL.framework */ = {isa = PBXFileReference; lastKnownFileType = wrapper.framework; name = OpenAL.framework; path = System/Library/Frameworks/OpenAL.framework; sourceTree = SDKROOT; };
		89437B3015BEDCA400A21ECF /* AudioToolbox.framework */ = {isa = PBXFileReference; lastKnownFileType = wrapper.framework; name = AudioToolbox.framework; path = System/Library/Frameworks/AudioToolbox.framework; sourceTree = SDKROOT; };
		89437B3215BEDCA400A21ECF /* AVFoundation.framework */ = {isa = PBXFileReference; lastKnownFileType = wrapper.framework; name = AVFoundation.framework; path = System/Library/Frameworks/AVFoundation.framework; sourceTree = SDKROOT; };
		89437B3415BEDCA400A21ECF /* UIKit.framework */ = {isa = PBXFileReference; lastKnownFileType = wrapper.framework; name = UIKit.framework; path = System/Library/Frameworks/UIKit.framework; sourceTree = SDKROOT; };
		89437B3615BEDCA400A21ECF /* Foundation.framework */ = {isa = PBXFileReference; lastKnownFileType = wrapper.framework; name = Foundation.framework; path = System/Library/Frameworks/Foundation.framework; sourceTree = SDKROOT; };
		89437B3815BEDCA400A21ECF /* CoreGraphics.framework */ = {isa = PBXFileReference; lastKnownFileType = wrapper.framework; name = CoreGraphics.framework; path = System/Library/Frameworks/CoreGraphics.framework; sourceTree = SDKROOT; };
		89437B3A15BEDCA400A21ECF /* GameKit.framework */ = {isa = PBXFileReference; lastKnownFileType = wrapper.framework; name = GameKit.framework; path = System/Library/Frameworks/GameKit.framework; sourceTree = SDKROOT; };
		89437B3E15BEDCA500A21ECF /* Default.png */ = {isa = PBXFileReference; lastKnownFileType = image.png; name = Default.png; path = Resources/Default.png; sourceTree = "<group>"; };
		89437B4015BEDCA500A21ECF /* Default-Landscape~ipad.png */ = {isa = PBXFileReference; lastKnownFileType = image.png; name = "Default-Landscape~ipad.png"; path = "Resources/Default-Landscape~ipad.png"; sourceTree = "<group>"; };
		89437B4215BEDCA500A21ECF /* fps_images.png */ = {isa = PBXFileReference; lastKnownFileType = image.png; name = fps_images.png; path = Resources/fps_images.png; sourceTree = "<group>"; };
		89437B4415BEDCA500A21ECF /* fps_images-hd.png */ = {isa = PBXFileReference; lastKnownFileType = image.png; name = "fps_images-hd.png"; path = "Resources/fps_images-hd.png"; sourceTree = "<group>"; };
		89437B4615BEDCA500A21ECF /* fps_images-ipadhd.png */ = {isa = PBXFileReference; lastKnownFileType = image.png; name = "fps_images-ipadhd.png"; path = "Resources/fps_images-ipadhd.png"; sourceTree = "<group>"; };
		89437B4815BEDCA500A21ECF /* Icon-72.png */ = {isa = PBXFileReference; lastKnownFileType = image.png; name = "Icon-72.png"; path = "Resources/Icon-72.png"; sourceTree = "<group>"; };
		89437B4A15BEDCA500A21ECF /* Icon-Small-50.png */ = {isa = PBXFileReference; lastKnownFileType = image.png; name = "Icon-Small-50.png"; path = "Resources/Icon-Small-50.png"; sourceTree = "<group>"; };
		89437B4C15BEDCA500A21ECF /* Icon-Small.png */ = {isa = PBXFileReference; lastKnownFileType = image.png; name = "Icon-Small.png"; path = "Resources/Icon-Small.png"; sourceTree = "<group>"; };
		89437B4E15BEDCA500A21ECF /* Icon-Small@2x.png */ = {isa = PBXFileReference; lastKnownFileType = image.png; name = "Icon-Small@2x.png"; path = "Resources/Icon-Small@2x.png"; sourceTree = "<group>"; };
		89437B5015BEDCA500A21ECF /* Icon.png */ = {isa = PBXFileReference; lastKnownFileType = image.png; name = Icon.png; path = Resources/Icon.png; sourceTree = "<group>"; };
		89437B5215BEDCA500A21ECF /* Icon@2x.png */ = {isa = PBXFileReference; lastKnownFileType = image.png; name = "Icon@2x.png"; path = "Resources/Icon@2x.png"; sourceTree = "<group>"; };
		89437B5415BEDCA500A21ECF /* Info.plist */ = {isa = PBXFileReference; lastKnownFileType = text.plist.xml; name = Info.plist; path = Resources/Info.plist; sourceTree = "<group>"; };
		89437B5515BEDCA500A21ECF /* iTunesArtwork */ = {isa = PBXFileReference; lastKnownFileType = file; name = iTunesArtwork; path = Resources/iTunesArtwork; sourceTree = "<group>"; };
		89437CB115BEDCA700A21ECF /* Prefix.pch */ = {isa = PBXFileReference; lastKnownFileType = sourcecode.c.h; path = Prefix.pch; sourceTree = "<group>"; };
		89437CB215BEDCA700A21ECF /* main.m */ = {isa = PBXFileReference; lastKnownFileType = sourcecode.c.objc; path = main.m; sourceTree = "<group>"; };
		89437CB415BEDCA700A21ECF /* AppDelegate.h */ = {isa = PBXFileReference; lastKnownFileType = sourcecode.c.h; path = AppDelegate.h; sourceTree = "<group>"; };
		89437CB515BEDCA700A21ECF /* AppDelegate.m */ = {isa = PBXFileReference; lastKnownFileType = sourcecode.c.objc; path = AppDelegate.m; sourceTree = "<group>"; };
		89437CBA15BEDCA700A21ECF /* IntroLayer.h */ = {isa = PBXFileReference; lastKnownFileType = sourcecode.c.h; path = IntroLayer.h; sourceTree = "<group>"; };
		89437CBB15BEDCA700A21ECF /* IntroLayer.m */ = {isa = PBXFileReference; lastKnownFileType = sourcecode.c.objc; path = IntroLayer.m; sourceTree = "<group>"; };
		89437CC215BEDCCF00A21ECF /* HelloWorldCocosBuilder.h */ = {isa = PBXFileReference; fileEncoding = 4; lastKnownFileType = sourcecode.c.h; path = HelloWorldCocosBuilder.h; sourceTree = "<group>"; };
		89437CC315BEDCCF00A21ECF /* HelloWorldCocosBuilder.m */ = {isa = PBXFileReference; fileEncoding = 4; lastKnownFileType = sourcecode.c.objc; path = HelloWorldCocosBuilder.m; sourceTree = "<group>"; };
		9C84D6511647B00000FBF79A /* Default-568h@2x.png */ = {isa = PBXFileReference; lastKnownFileType = image.png; name = "Default-568h@2x.png"; path = "../Default-568h@2x.png"; sourceTree = "<group>"; };
/* End PBXFileReference section */

/* Begin PBXFrameworksBuildPhase section */
		89437B2315BEDCA400A21ECF /* Frameworks */ = {
			isa = PBXFrameworksBuildPhase;
			buildActionMask = 2147483647;
			files = (
				89437B2B15BEDCA400A21ECF /* QuartzCore.framework in Frameworks */,
				89437B2D15BEDCA400A21ECF /* OpenGLES.framework in Frameworks */,
				89437B2F15BEDCA400A21ECF /* OpenAL.framework in Frameworks */,
				89437B3115BEDCA400A21ECF /* AudioToolbox.framework in Frameworks */,
				89437B3315BEDCA400A21ECF /* AVFoundation.framework in Frameworks */,
				89437B3515BEDCA400A21ECF /* UIKit.framework in Frameworks */,
				89437B3715BEDCA400A21ECF /* Foundation.framework in Frameworks */,
				89437B3915BEDCA400A21ECF /* CoreGraphics.framework in Frameworks */,
				89437B3B15BEDCA400A21ECF /* GameKit.framework in Frameworks */,
			);
			runOnlyForDeploymentPostprocessing = 0;
		};
/* End PBXFrameworksBuildPhase section */

/* Begin PBXGroup section */
		89437B1B15BEDCA400A21ECF = {
			isa = PBXGroup;
			children = (
				89437B3C15BEDCA400A21ECF /* HelloWorldCocosBuilder */,
				89437B2915BEDCA400A21ECF /* Frameworks */,
				89437B2715BEDCA400A21ECF /* Products */,
			);
			sourceTree = "<group>";
		};
		89437B2715BEDCA400A21ECF /* Products */ = {
			isa = PBXGroup;
			children = (
				89437B2615BEDCA400A21ECF /* HelloWorldCocosBuilder.app */,
			);
			name = Products;
			sourceTree = "<group>";
		};
		89437B2915BEDCA400A21ECF /* Frameworks */ = {
			isa = PBXGroup;
			children = (
				89437B2A15BEDCA400A21ECF /* QuartzCore.framework */,
				89437B2C15BEDCA400A21ECF /* OpenGLES.framework */,
				89437B2E15BEDCA400A21ECF /* OpenAL.framework */,
				89437B3015BEDCA400A21ECF /* AudioToolbox.framework */,
				89437B3215BEDCA400A21ECF /* AVFoundation.framework */,
				89437B3415BEDCA400A21ECF /* UIKit.framework */,
				89437B3615BEDCA400A21ECF /* Foundation.framework */,
				89437B3815BEDCA400A21ECF /* CoreGraphics.framework */,
				89437B3A15BEDCA400A21ECF /* GameKit.framework */,
			);
			name = Frameworks;
			sourceTree = "<group>";
		};
		89437B3C15BEDCA400A21ECF /* HelloWorldCocosBuilder */ = {
			isa = PBXGroup;
			children = (
				891C772F15BF8E40009A769D /* TitleBar.m */,
				891C773015BF8E40009A769D /* TitleBar.h */,
				891C773215BF8E40009A769D /* GameMenu.h */,
				891C773115BF8E40009A769D /* GameMenu.m */,
				891C773315BF8E40009A769D /* CCBReader.m */,
				891C773415BF8E40009A769D /* CCBReader.h */,
				891C773515BF8E40009A769D /* About.m */,
				891C773615BF8E40009A769D /* About.h */,
				89437CB415BEDCA700A21ECF /* AppDelegate.h */,
				89437CB515BEDCA700A21ECF /* AppDelegate.m */,
				89437CBA15BEDCA700A21ECF /* IntroLayer.h */,
				89437CBB15BEDCA700A21ECF /* IntroLayer.m */,
				89437CC215BEDCCF00A21ECF /* HelloWorldCocosBuilder.h */,
				89437CC315BEDCCF00A21ECF /* HelloWorldCocosBuilder.m */,
				89437B3D15BEDCA500A21ECF /* Resources */,
				89437CB015BEDCA700A21ECF /* Supporting Files */,
			);
			path = HelloWorldCocosBuilder;
			sourceTree = "<group>";
		};
		89437B3D15BEDCA500A21ECF /* Resources */ = {
			isa = PBXGroup;
			children = (
				89229E0315C18F97000D08E7 /* ccb.zip */,
				89437B3E15BEDCA500A21ECF /* Default.png */,
				89437B4015BEDCA500A21ECF /* Default-Landscape~ipad.png */,
				9C84D6511647B00000FBF79A /* Default-568h@2x.png */,
				89437B4215BEDCA500A21ECF /* fps_images.png */,
				89437B4415BEDCA500A21ECF /* fps_images-hd.png */,
				89437B4615BEDCA500A21ECF /* fps_images-ipadhd.png */,
				89437B4815BEDCA500A21ECF /* Icon-72.png */,
				89437B4A15BEDCA500A21ECF /* Icon-Small-50.png */,
				89437B4C15BEDCA500A21ECF /* Icon-Small.png */,
				89437B4E15BEDCA500A21ECF /* Icon-Small@2x.png */,
				89437B5015BEDCA500A21ECF /* Icon.png */,
				89437B5215BEDCA500A21ECF /* Icon@2x.png */,
				89437B5415BEDCA500A21ECF /* Info.plist */,
				89437B5515BEDCA500A21ECF /* iTunesArtwork */,
			);
			name = Resources;
			sourceTree = "<group>";
		};
		89437CB015BEDCA700A21ECF /* Supporting Files */ = {
			isa = PBXGroup;
			children = (
				89437CB115BEDCA700A21ECF /* Prefix.pch */,
				89437CB215BEDCA700A21ECF /* main.m */,
			);
			name = "Supporting Files";
			sourceTree = "<group>";
		};
/* End PBXGroup section */

/* Begin PBXNativeTarget section */
		89437B2515BEDCA400A21ECF /* HelloWorldCocosBuilder */ = {
			isa = PBXNativeTarget;
			buildConfigurationList = 89437CBF15BEDCA700A21ECF /* Build configuration list for PBXNativeTarget "HelloWorldCocosBuilder" */;
			buildPhases = (
				89437B2215BEDCA400A21ECF /* Sources */,
				89437B2315BEDCA400A21ECF /* Frameworks */,
				89437B2415BEDCA400A21ECF /* Resources */,
			);
			buildRules = (
			);
			dependencies = (
			);
			name = HelloWorldCocosBuilder;
			productName = HelloWorldCocosBuilder;
			productReference = 89437B2615BEDCA400A21ECF /* HelloWorldCocosBuilder.app */;
			productType = "com.apple.product-type.application";
		};
/* End PBXNativeTarget section */

/* Begin PBXProject section */
		89437B1D15BEDCA400A21ECF /* Project object */ = {
			isa = PBXProject;
			attributes = {
				LastUpgradeCheck = 0440;
			};
			buildConfigurationList = 89437B2015BEDCA400A21ECF /* Build configuration list for PBXProject "HelloWorldCocosBuilder" */;
			compatibilityVersion = "Xcode 3.2";
			developmentRegion = English;
			hasScannedForEncodings = 0;
			knownRegions = (
				en,
			);
			mainGroup = 89437B1B15BEDCA400A21ECF;
			productRefGroup = 89437B2715BEDCA400A21ECF /* Products */;
			projectDirPath = "";
			projectRoot = "";
			targets = (
				89437B2515BEDCA400A21ECF /* HelloWorldCocosBuilder */,
			);
		};
/* End PBXProject section */

/* Begin PBXResourcesBuildPhase section */
		89437B2415BEDCA400A21ECF /* Resources */ = {
			isa = PBXResourcesBuildPhase;
			buildActionMask = 2147483647;
			files = (
				89437B3F15BEDCA500A21ECF /* Default.png in Resources */,
				89437B4115BEDCA500A21ECF /* Default-Landscape~ipad.png in Resources */,
				89437B4315BEDCA500A21ECF /* fps_images.png in Resources */,
				89437B4515BEDCA500A21ECF /* fps_images-hd.png in Resources */,
				89437B4715BEDCA500A21ECF /* fps_images-ipadhd.png in Resources */,
				89437B4915BEDCA500A21ECF /* Icon-72.png in Resources */,
				89437B4B15BEDCA500A21ECF /* Icon-Small-50.png in Resources */,
				89437B4D15BEDCA500A21ECF /* Icon-Small.png in Resources */,
				89437B4F15BEDCA500A21ECF /* Icon-Small@2x.png in Resources */,
				89437B5115BEDCA500A21ECF /* Icon.png in Resources */,
				89437B5315BEDCA500A21ECF /* Icon@2x.png in Resources */,
				89437B5615BEDCA500A21ECF /* iTunesArtwork in Resources */,
				89229E0415C18F97000D08E7 /* ccb.zip in Resources */,
				9C84D6521647B00000FBF79A /* Default-568h@2x.png in Resources */,
			);
			runOnlyForDeploymentPostprocessing = 0;
		};
/* End PBXResourcesBuildPhase section */

/* Begin PBXSourcesBuildPhase section */
		89437B2215BEDCA400A21ECF /* Sources */ = {
			isa = PBXSourcesBuildPhase;
			buildActionMask = 2147483647;
			files = (
				89437CB315BEDCA700A21ECF /* main.m in Sources */,
				89437CB615BEDCA700A21ECF /* AppDelegate.m in Sources */,
				89437CBC15BEDCA700A21ECF /* IntroLayer.m in Sources */,
				89437CC415BEDCCF00A21ECF /* HelloWorldCocosBuilder.m in Sources */,
				891C773715BF8E40009A769D /* TitleBar.m in Sources */,
				891C773815BF8E40009A769D /* GameMenu.m in Sources */,
				891C773915BF8E40009A769D /* CCBReader.m in Sources */,
				891C773A15BF8E40009A769D /* About.m in Sources */,
			);
			runOnlyForDeploymentPostprocessing = 0;
		};
/* End PBXSourcesBuildPhase section */

/* Begin XCBuildConfiguration section */
		89437CBD15BEDCA700A21ECF /* Debug */ = {
			isa = XCBuildConfiguration;
			buildSettings = {
				ARCHS = "$(ARCHS_STANDARD_32_BIT)";
				"CODE_SIGN_IDENTITY[sdk=iphoneos*]" = "iPhone Developer";
				GCC_C_LANGUAGE_STANDARD = gnu99;
				GCC_OPTIMIZATION_LEVEL = 0;
				GCC_PREPROCESSOR_DEFINITIONS = (
					DEBUG,
					"COCOS2D_DEBUG=1",
					CCB_ENABLE_UNZIP,
				);
				GCC_SYMBOLS_PRIVATE_EXTERN = NO;
				GCC_VERSION = com.apple.compilers.llvm.clang.1_0;
				GCC_WARN_ABOUT_RETURN_TYPE = YES;
				GCC_WARN_UNUSED_VARIABLE = YES;
				IPHONEOS_DEPLOYMENT_TARGET = 4.0;
				SDKROOT = iphoneos;
				TARGETED_DEVICE_FAMILY = 1;
			};
			name = Debug;
		};
		89437CBE15BEDCA700A21ECF /* Release */ = {
			isa = XCBuildConfiguration;
			buildSettings = {
				ARCHS = "$(ARCHS_STANDARD_32_BIT)";
				"CODE_SIGN_IDENTITY[sdk=iphoneos*]" = "iPhone Developer";
				GCC_C_LANGUAGE_STANDARD = gnu99;
				GCC_PREPROCESSOR_DEFINITIONS = (
					NDEBUG,
					"NS_BLOCK_ASSERTIONS=1",
					CCB_ENABLE_UNZIP,
				);
				GCC_VERSION = com.apple.compilers.llvm.clang.1_0;
				GCC_WARN_ABOUT_RETURN_TYPE = YES;
				GCC_WARN_UNUSED_VARIABLE = YES;
				IPHONEOS_DEPLOYMENT_TARGET = 4.0;
				SDKROOT = iphoneos;
				TARGETED_DEVICE_FAMILY = 1;
			};
			name = Release;
		};
		89437CC015BEDCA700A21ECF /* Debug */ = {
			isa = XCBuildConfiguration;
			buildSettings = {
				ALWAYS_SEARCH_USER_PATHS = NO;
				COPY_PHASE_STRIP = NO;
				GCC_DYNAMIC_NO_PIC = NO;
				GCC_PRECOMPILE_PREFIX_HEADER = YES;
				GCC_PREFIX_HEADER = HelloWorldCocosBuilder/Prefix.pch;
				HEADER_SEARCH_PATHS = "\"HelloWorldCocosBuilder/libs/kazmath/include\"";
				INFOPLIST_FILE = HelloWorldCocosBuilder/Resources/Info.plist;
				IPHONEOS_DEPLOYMENT_TARGET = 5.1;
				OTHER_LDFLAGS = (
					"-lz",
					"-ObjC",
				);
				PRODUCT_NAME = "$(TARGET_NAME)";
				TARGETED_DEVICE_FAMILY = "1,2";
				WRAPPER_EXTENSION = app;
			};
			name = Debug;
		};
		89437CC115BEDCA700A21ECF /* Release */ = {
			isa = XCBuildConfiguration;
			buildSettings = {
				ALWAYS_SEARCH_USER_PATHS = NO;
				COPY_PHASE_STRIP = YES;
				GCC_PRECOMPILE_PREFIX_HEADER = YES;
				GCC_PREFIX_HEADER = HelloWorldCocosBuilder/Prefix.pch;
				HEADER_SEARCH_PATHS = "\"HelloWorldCocosBuilder/libs/kazmath/include\"";
				INFOPLIST_FILE = HelloWorldCocosBuilder/Resources/Info.plist;
				IPHONEOS_DEPLOYMENT_TARGET = 5.1;
				OTHER_LDFLAGS = (
					"-lz",
					"-ObjC",
				);
				PRODUCT_NAME = "$(TARGET_NAME)";
				TARGETED_DEVICE_FAMILY = "1,2";
				VALIDATE_PRODUCT = YES;
				WRAPPER_EXTENSION = app;
			};
			name = Release;
		};
/* End XCBuildConfiguration section */

/* Begin XCConfigurationList section */
		89437B2015BEDCA400A21ECF /* Build configuration list for PBXProject "HelloWorldCocosBuilder" */ = {
			isa = XCConfigurationList;
			buildConfigurations = (
				89437CBD15BEDCA700A21ECF /* Debug */,
				89437CBE15BEDCA700A21ECF /* Release */,
			);
			defaultConfigurationIsVisible = 0;
			defaultConfigurationName = Release;
		};
		89437CBF15BEDCA700A21ECF /* Build configuration list for PBXNativeTarget "HelloWorldCocosBuilder" */ = {
			isa = XCConfigurationList;
			buildConfigurations = (
				89437CC015BEDCA700A21ECF /* Debug */,
				89437CC115BEDCA700A21ECF /* Release */,
			);
			defaultConfigurationIsVisible = 0;
			defaultConfigurationName = Release;
		};
/* End XCConfigurationList section */
	};
	rootObject = 89437B1D15BEDCA400A21ECF /* Project object */;
}
