// !$*UTF8*$!
{
	archiveVersion = 1;
	classes = {
	};
	objectVersion = 46;
	objects = {

/* Begin PBXBuildFile section */
		8989155C15F37F580024300E /* QuartzCore.framework in Frameworks */ = {isa = PBXBuildFile; fileRef = 8989155B15F37F580024300E /* QuartzCore.framework */; };
		8989155E15F37F580024300E /* OpenGLES.framework in Frameworks */ = {isa = PBXBuildFile; fileRef = 8989155D15F37F580024300E /* OpenGLES.framework */; };
		8989156015F37F580024300E /* OpenAL.framework in Frameworks */ = {isa = PBXBuildFile; fileRef = 8989155F15F37F580024300E /* OpenAL.framework */; };
		8989156215F37F580024300E /* AudioToolbox.framework in Frameworks */ = {isa = PBXBuildFile; fileRef = 8989156115F37F580024300E /* AudioToolbox.framework */; };
		8989156415F37F580024300E /* AVFoundation.framework in Frameworks */ = {isa = PBXBuildFile; fileRef = 8989156315F37F580024300E /* AVFoundation.framework */; };
		8989156615F37F580024300E /* UIKit.framework in Frameworks */ = {isa = PBXBuildFile; fileRef = 8989156515F37F580024300E /* UIKit.framework */; };
		8989156815F37F580024300E /* Foundation.framework in Frameworks */ = {isa = PBXBuildFile; fileRef = 8989156715F37F580024300E /* Foundation.framework */; };
		8989156A15F37F580024300E /* CoreGraphics.framework in Frameworks */ = {isa = PBXBuildFile; fileRef = 8989156915F37F580024300E /* CoreGraphics.framework */; };
		8989156C15F37F580024300E /* GameKit.framework in Frameworks */ = {isa = PBXBuildFile; fileRef = 8989156B15F37F580024300E /* GameKit.framework */; };
/* End PBXBuildFile section */

/* Begin PBXFileReference section */
		8989155715F37F580024300E /* HelloCocos2D.app */ = {isa = PBXFileReference; explicitFileType = wrapper.application; includeInIndex = 0; path = HelloCocos2D.app; sourceTree = BUILT_PRODUCTS_DIR; };
		8989155B15F37F580024300E /* QuartzCore.framework */ = {isa = PBXFileReference; lastKnownFileType = wrapper.framework; name = QuartzCore.framework; path = System/Library/Frameworks/QuartzCore.framework; sourceTree = SDKROOT; };
		8989155D15F37F580024300E /* OpenGLES.framework */ = {isa = PBXFileReference; lastKnownFileType = wrapper.framework; name = OpenGLES.framework; path = System/Library/Frameworks/OpenGLES.framework; sourceTree = SDKROOT; };
		8989155F15F37F580024300E /* OpenAL.framework */ = {isa = PBXFileReference; lastKnownFileType = wrapper.framework; name = OpenAL.framework; path = System/Library/Frameworks/OpenAL.framework; sourceTree = SDKROOT; };
		8989156115F37F580024300E /* AudioToolbox.framework */ = {isa = PBXFileReference; lastKnownFileType = wrapper.framework; name = AudioToolbox.framework; path = System/Library/Frameworks/AudioToolbox.framework; sourceTree = SDKROOT; };
		8989156315F37F580024300E /* AVFoundation.framework */ = {isa = PBXFileReference; lastKnownFileType = wrapper.framework; name = AVFoundation.framework; path = System/Library/Frameworks/AVFoundation.framework; sourceTree = SDKROOT; };
		8989156515F37F580024300E /* UIKit.framework */ = {isa = PBXFileReference; lastKnownFileType = wrapper.framework; name = UIKit.framework; path = System/Library/Frameworks/UIKit.framework; sourceTree = SDKROOT; };
		8989156715F37F580024300E /* Foundation.framework */ = {isa = PBXFileReference; lastKnownFileType = wrapper.framework; name = Foundation.framework; path = System/Library/Frameworks/Foundation.framework; sourceTree = SDKROOT; };
		8989156915F37F580024300E /* CoreGraphics.framework */ = {isa = PBXFileReference; lastKnownFileType = wrapper.framework; name = CoreGraphics.framework; path = System/Library/Frameworks/CoreGraphics.framework; sourceTree = SDKROOT; };
		8989156B15F37F580024300E /* GameKit.framework */ = {isa = PBXFileReference; lastKnownFileType = wrapper.framework; name = GameKit.framework; path = System/Library/Frameworks/GameKit.framework; sourceTree = SDKROOT; };
/* End PBXFileReference section */

/* Begin PBXFrameworksBuildPhase section */
		8989155415F37F580024300E /* Frameworks */ = {
			isa = PBXFrameworksBuildPhase;
			buildActionMask = 2147483647;
			files = (
				8989155C15F37F580024300E /* QuartzCore.framework in Frameworks */,
				8989155E15F37F580024300E /* OpenGLES.framework in Frameworks */,
				8989156015F37F580024300E /* OpenAL.framework in Frameworks */,
				8989156215F37F580024300E /* AudioToolbox.framework in Frameworks */,
				8989156415F37F580024300E /* AVFoundation.framework in Frameworks */,
				8989156615F37F580024300E /* UIKit.framework in Frameworks */,
				8989156815F37F580024300E /* Foundation.framework in Frameworks */,
				8989156A15F37F580024300E /* CoreGraphics.framework in Frameworks */,
				8989156C15F37F580024300E /* GameKit.framework in Frameworks */,
			);
			runOnlyForDeploymentPostprocessing = 0;
		};
/* End PBXFrameworksBuildPhase section */

/* Begin PBXGroup section */
		8989154C15F37F580024300E = {
			isa = PBXGroup;
			children = (
				8989155A15F37F580024300E /* Frameworks */,
				8989155815F37F580024300E /* Products */,
			);
			sourceTree = "<group>";
		};
		8989155815F37F580024300E /* Products */ = {
			isa = PBXGroup;
			children = (
				8989155715F37F580024300E /* HelloCocos2D.app */,
			);
			name = Products;
			sourceTree = "<group>";
		};
		8989155A15F37F580024300E /* Frameworks */ = {
			isa = PBXGroup;
			children = (
				8989155B15F37F580024300E /* QuartzCore.framework */,
				8989155D15F37F580024300E /* OpenGLES.framework */,
				8989155F15F37F580024300E /* OpenAL.framework */,
				8989156115F37F580024300E /* AudioToolbox.framework */,
				8989156315F37F580024300E /* AVFoundation.framework */,
				8989156515F37F580024300E /* UIKit.framework */,
				8989156715F37F580024300E /* Foundation.framework */,
				8989156915F37F580024300E /* CoreGraphics.framework */,
				8989156B15F37F580024300E /* GameKit.framework */,
			);
			name = Frameworks;
			sourceTree = "<group>";
		};
/* End PBXGroup section */

/* Begin PBXNativeTarget section */
		8989155615F37F580024300E /* HelloCocos2D */ = {
			isa = PBXNativeTarget;
			buildConfigurationList = 898916F015F37F5A0024300E /* Build configuration list for PBXNativeTarget "HelloCocos2D" */;
			buildPhases = (
				8989155315F37F580024300E /* Sources */,
				8989155415F37F580024300E /* Frameworks */,
				8989155515F37F580024300E /* Resources */,
			);
			buildRules = (
			);
			dependencies = (
			);
			name = HelloCocos2D;
			productName = HelloCocos2D;
			productReference = 8989155715F37F580024300E /* HelloCocos2D.app */;
			productType = "com.apple.product-type.application";
		};
/* End PBXNativeTarget section */

/* Begin PBXProject section */
		8989154E15F37F580024300E /* Project object */ = {
			isa = PBXProject;
			attributes = {
				LastUpgradeCheck = 0440;
			};
			buildConfigurationList = 8989155115F37F580024300E /* Build configuration list for PBXProject "HelloCocos2D" */;
			compatibilityVersion = "Xcode 3.2";
			developmentRegion = English;
			hasScannedForEncodings = 0;
			knownRegions = (
				en,
			);
			mainGroup = 8989154C15F37F580024300E;
			productRefGroup = 8989155815F37F580024300E /* Products */;
			projectDirPath = "";
			projectRoot = "";
			targets = (
				8989155615F37F580024300E /* HelloCocos2D */,
			);
		};
/* End PBXProject section */

/* Begin PBXResourcesBuildPhase section */
		8989155515F37F580024300E /* Resources */ = {
			isa = PBXResourcesBuildPhase;
			buildActionMask = 2147483647;
			files = (
			);
			runOnlyForDeploymentPostprocessing = 0;
		};
/* End PBXResourcesBuildPhase section */

/* Begin PBXSourcesBuildPhase section */
		8989155315F37F580024300E /* Sources */ = {
			isa = PBXSourcesBuildPhase;
			buildActionMask = 2147483647;
			files = (
			);
			runOnlyForDeploymentPostprocessing = 0;
		};
/* End PBXSourcesBuildPhase section */

/* Begin XCBuildConfiguration section */
		898916EE15F37F5A0024300E /* Debug */ = {
			isa = XCBuildConfiguration;
			buildSettings = {
				ARCHS = "$(ARCHS_STANDARD_32_BIT)";
				"CODE_SIGN_IDENTITY[sdk=iphoneos*]" = "iPhone Developer";
				GCC_C_LANGUAGE_STANDARD = gnu99;
				GCC_OPTIMIZATION_LEVEL = 0;
				GCC_PREPROCESSOR_DEFINITIONS = (
					DEBUG,
					"COCOS2D_DEBUG=1",
				);
				GCC_SYMBOLS_PRIVATE_EXTERN = NO;
				GCC_VERSION = com.apple.compilers.llvm.clang.1_0;
				GCC_WARN_ABOUT_RETURN_TYPE = YES;
				GCC_WARN_UNUSED_VARIABLE = YES;
				IPHONEOS_DEPLOYMENT_TARGET = 4.0;
				SDKROOT = iphoneos;
				TARGETED_DEVICE_FAMILY = 1;
			};
			name = Debug;
		};
		898916EF15F37F5A0024300E /* Release */ = {
			isa = XCBuildConfiguration;
			buildSettings = {
				ARCHS = "$(ARCHS_STANDARD_32_BIT)";
				"CODE_SIGN_IDENTITY[sdk=iphoneos*]" = "iPhone Developer";
				GCC_C_LANGUAGE_STANDARD = gnu99;
				GCC_PREPROCESSOR_DEFINITIONS = (
					NDEBUG,
					"NS_BLOCK_ASSERTIONS=1",
				);
				GCC_VERSION = com.apple.compilers.llvm.clang.1_0;
				GCC_WARN_ABOUT_RETURN_TYPE = YES;
				GCC_WARN_UNUSED_VARIABLE = YES;
				IPHONEOS_DEPLOYMENT_TARGET = 4.0;
				SDKROOT = iphoneos;
				TARGETED_DEVICE_FAMILY = 1;
			};
			name = Release;
		};
		898916F115F37F5A0024300E /* Debug */ = {
			isa = XCBuildConfiguration;
			buildSettings = {
				ALWAYS_SEARCH_USER_PATHS = NO;
				COPY_PHASE_STRIP = NO;
				GCC_DYNAMIC_NO_PIC = NO;
				GCC_PRECOMPILE_PREFIX_HEADER = YES;
				GCC_PREFIX_HEADER = HelloCocos2D/Prefix.pch;
				HEADER_SEARCH_PATHS = "\"HelloCocos2D/libs/kazmath/include\"";
				INFOPLIST_FILE = HelloCocos2D/Resources/Info.plist;
				OTHER_LDFLAGS = (
					"-lz",
					"-ObjC",
				);
				PRODUCT_NAME = "$(TARGET_NAME)";
				WRAPPER_EXTENSION = app;
			};
			name = Debug;
		};
		898916F215F37F5A0024300E /* Release */ = {
			isa = XCBuildConfiguration;
			buildSettings = {
				ALWAYS_SEARCH_USER_PATHS = NO;
				COPY_PHASE_STRIP = YES;
				GCC_PRECOMPILE_PREFIX_HEADER = YES;
				GCC_PREFIX_HEADER = HelloCocos2D/Prefix.pch;
				HEADER_SEARCH_PATHS = "\"HelloCocos2D/libs/kazmath/include\"";
				INFOPLIST_FILE = HelloCocos2D/Resources/Info.plist;
				OTHER_LDFLAGS = (
					"-lz",
					"-ObjC",
				);
				PRODUCT_NAME = "$(TARGET_NAME)";
				VALIDATE_PRODUCT = YES;
				WRAPPER_EXTENSION = app;
			};
			name = Release;
		};
/* End XCBuildConfiguration section */

/* Begin XCConfigurationList section */
		8989155115F37F580024300E /* Build configuration list for PBXProject "HelloCocos2D" */ = {
			isa = XCConfigurationList;
			buildConfigurations = (
				898916EE15F37F5A0024300E /* Debug */,
				898916EF15F37F5A0024300E /* Release */,
			);
			defaultConfigurationIsVisible = 0;
			defaultConfigurationName = Release;
		};
		898916F015F37F5A0024300E /* Build configuration list for PBXNativeTarget "HelloCocos2D" */ = {
			isa = XCConfigurationList;
			buildConfigurations = (
				898916F115F37F5A0024300E /* Debug */,
				898916F215F37F5A0024300E /* Release */,
			);
			defaultConfigurationIsVisible = 0;
			defaultConfigurationName = Release;
		};
/* End XCConfigurationList section */
	};
	rootObject = 8989154E15F37F580024300E /* Project object */;
}
